
Microsoft Visual Studio Solution File, Format Version 12.00
# Visual Studio Version 16
VisualStudioVersion = 16.0.31624.102
MinimumVisualStudioVersion = 10.0.40219.1
Project("{FAE04EC0-301F-11D3-BF4B-00C04F79EFBC}") = "Compentio.SourceConfig.App", "Compentio.SourceConfig.App\Compentio.SourceConfig.App.csproj", "{7786FADC-84C5-497F-A65D-DA226447D0C7}"
EndProject
Project("{FAE04EC0-301F-11D3-BF4B-00C04F79EFBC}") = "Compentio.SourceConfig.Generator", "Compentio.SourceConfig.Generator\Compentio.SourceConfig.Generator.csproj", "{6B7251EC-671F-426A-A3D0-1F6E9A9893D8}"
EndProject
Global
	GlobalSection(SolutionConfigurationPlatforms) = preSolution
		Debug|Any CPU = Debug|Any CPU
		Release|Any CPU = Release|Any CPU
	EndGlobalSection
	GlobalSection(ProjectConfigurationPlatforms) = postSolution
		{7786FADC-84C5-497F-A65D-DA226447D0C7}.Debug|Any CPU.ActiveCfg = Debug|Any CPU
		{7786FADC-84C5-497F-A65D-DA226447D0C7}.Debug|Any CPU.Build.0 = Debug|Any CPU
		{7786FADC-84C5-497F-A65D-DA226447D0C7}.Release|Any CPU.ActiveCfg = Release|Any CPU
		{7786FADC-84C5-497F-A65D-DA226447D0C7}.Release|Any CPU.Build.0 = Release|Any CPU
		{6B7251EC-671F-426A-A3D0-1F6E9A9893D8}.Debug|Any CPU.ActiveCfg = Debug|Any CPU
		{6B7251EC-671F-426A-A3D0-1F6E9A9893D8}.Debug|Any CPU.Build.0 = Debug|Any CPU
		{6B7251EC-671F-426A-A3D0-1F6E9A9893D8}.Release|Any CPU.ActiveCfg = Release|Any CPU
		{6B7251EC-671F-426A-A3D0-1F6E9A9893D8}.Release|Any CPU.Build.0 = Release|Any CPU
	EndGlobalSection
	GlobalSection(SolutionProperties) = preSolution
		HideSolutionNode = FALSE
	EndGlobalSection
	GlobalSection(ExtensibilityGlobals) = postSolution
		SolutionGuid = {232ABAA2-FA64-4A02-83C6-5494446B3AF0}
	EndGlobalSection
EndGlobal
